<?xml version="1.0" encoding="utf-8"?>
<Project ToolsVersion="4.0" xmlns="http://schemas.microsoft.com/developer/msbuild/2003">
  <ItemGroup>
    <Filter Include="Source Files">
      <UniqueIdentifier>{4FC737F1-C7A5-4376-A066-2A32D752A2FF}</UniqueIdentifier>
      <Extensions>cpp;c;cc;cxx;c++;cppm;ixx;def;odl;idl;hpj;bat;asm;asmx</Extensions>
    </Filter>
    <Filter Include="Resource Files">
      <UniqueIdentifier>{67DA6AB6-F800-4c08-8B7A-83BB121AAD01}</UniqueIdentifier>
      <Extensions>rc;ico;cur;bmp;dlg;rc2;rct;bin;rgs;gif;jpg;jpeg;jpe;resx;tiff;tif;png;wav;mfcribbon-ms</Extensions>
    </Filter>
    <Filter Include="Source Files\psflib">
      <UniqueIdentifier>{0b64f16f-a9c1-4261-b5ac-b2a2555123d1}</UniqueIdentifier>
    </Filter>
    <Filter Include="3rdParty">
      <UniqueIdentifier>{c5e402c4-bca1-4076-883d-7fe2204db695}</UniqueIdentifier>
    </Filter>
    <Filter Include="Source Files\core">
      <UniqueIdentifier>{93ce3595-d4cb-4b78-858e-974372860cc7}</UniqueIdentifier>
    </Filter>
  </ItemGroup>
  <ItemGroup>
    <ClInclude Include="ReplayHighlyExperimental.h">
      <Filter>Source Files</Filter>
    </ClInclude>
    <ClInclude Include="psflib\psf2fs.h">
      <Filter>Source Files\psflib</Filter>
    </ClInclude>
    <ClInclude Include="psflib\psflib.h">
      <Filter>Source Files\psflib</Filter>
    </ClInclude>
    <ClInclude Include="core\bios.h">
      <Filter>Source Files\core</Filter>
    </ClInclude>
    <ClInclude Include="core\emuconfig.h">
      <Filter>Source Files\core</Filter>
    </ClInclude>
    <ClInclude Include="core\iop.h">
      <Filter>Source Files\core</Filter>
    </ClInclude>
    <ClInclude Include="core\ioptimer.h">
      <Filter>Source Files\core</Filter>
    </ClInclude>
    <ClInclude Include="core\mkhebios.h">
      <Filter>Source Files\core</Filter>
    </ClInclude>
    <ClInclude Include="core\mkhebios_overlays.h">
      <Filter>Source Files\core</Filter>
    </ClInclude>
    <ClInclude Include="core\mkhebios_scripts.h">
      <Filter>Source Files\core</Filter>
    </ClInclude>
    <ClInclude Include="core\psx.h">
      <Filter>Source Files\core</Filter>
    </ClInclude>
    <ClInclude Include="core\r3000.h">
      <Filter>Source Files\core</Filter>
    </ClInclude>
    <ClInclude Include="core\r3000asm.h">
      <Filter>Source Files\core</Filter>
    </ClInclude>
    <ClInclude Include="core\r3000dis.h">
      <Filter>Source Files\core</Filter>
    </ClInclude>
    <ClInclude Include="core\spu.h">
      <Filter>Source Files\core</Filter>
    </ClInclude>
    <ClInclude Include="core\spucore.h">
      <Filter>Source Files\core</Filter>
    </ClInclude>
    <ClInclude Include="core\vfs.h">
      <Filter>Source Files\core</Filter>
    </ClInclude>
    <ClInclude Include="hebios.h">
      <Filter>Source Files</Filter>
    </ClInclude>
  </ItemGroup>
  <ItemGroup>
    <ClCompile Include="ReplayHighlyExperimental.cpp">
      <Filter>Source Files</Filter>
    </ClCompile>
    <ClCompile Include="psflib\psf2fs.c">
      <Filter>Source Files\psflib</Filter>
    </ClCompile>
    <ClCompile Include="psflib\psflib.c">
      <Filter>Source Files\psflib</Filter>
    </ClCompile>
    <ClCompile Include="core\bios.c">
      <Filter>Source Files\core</Filter>
    </ClCompile>
    <ClCompile Include="core\iop.c">
      <Filter>Source Files\core</Filter>
    </ClCompile>
    <ClCompile Include="core\ioptimer.c">
      <Filter>Source Files\core</Filter>
    </ClCompile>
    <ClCompile Include="core\mkhebios.c">
      <Filter>Source Files\core</Filter>
    </ClCompile>
    <ClCompile Include="core\psx.c">
      <Filter>Source Files\core</Filter>
    </ClCompile>
    <ClCompile Include="core\r3000.c">
      <Filter>Source Files\core</Filter>
    </ClCompile>
    <ClCompile Include="core\r3000asm.c">
      <Filter>Source Files\core</Filter>
    </ClCompile>
    <ClCompile Include="core\r3000dis.c">
      <Filter>Source Files\core</Filter>
    </ClCompile>
    <ClCompile Include="core\spu.c">
      <Filter>Source Files\core</Filter>
    </ClCompile>
    <ClCompile Include="core\spucore.c">
      <Filter>Source Files\core</Filter>
    </ClCompile>
    <ClCompile Include="core\vfs.c">
      <Filter>Source Files\core</Filter>
    </ClCompile>
  </ItemGroup>
  <ItemGroup>
    <Library Include="..\..\3rdParty\libarchive\archive.lib">
      <Filter>3rdParty</Filter>
    </Library>
  </ItemGroup>
</Project>