<?xml version="1.0" encoding="utf-8"?>
<Project ToolsVersion="4.0" xmlns="http://schemas.microsoft.com/developer/msbuild/2003">
  <ItemGroup>
    <Filter Include="Source Files">
      <UniqueIdentifier>{4FC737F1-C7A5-4376-A066-2A32D752A2FF}</UniqueIdentifier>
      <Extensions>cpp;c;cc;cxx;c++;cppm;ixx;def;odl;idl;hpj;bat;asm;asmx</Extensions>
    </Filter>
    <Filter Include="Resource Files">
      <UniqueIdentifier>{67DA6AB6-F800-4c08-8B7A-83BB121AAD01}</UniqueIdentifier>
      <Extensions>rc;ico;cur;bmp;dlg;rc2;rct;bin;rgs;gif;jpg;jpeg;jpe;resx;tiff;tif;png;wav;mfcribbon-ms</Extensions>
    </Filter>
    <Filter Include="Source Files\libtfmxaudiodecoder">
      <UniqueIdentifier>{fec445b2-de83-49f7-8373-872fdd520b7c}</UniqueIdentifier>
    </Filter>
    <Filter Include="Source Files\libtfmxaudiodecoder\Chris">
      <UniqueIdentifier>{87e401a9-dc92-4ed4-8286-bcf028e08afc}</UniqueIdentifier>
    </Filter>
    <Filter Include="Source Files\libtfmxaudiodecoder\Jochen">
      <UniqueIdentifier>{ff4f11e0-c5d2-4455-b4c1-6816f96d4931}</UniqueIdentifier>
    </Filter>
  </ItemGroup>
  <ItemGroup>
    <ClInclude Include="ReplayFutureComposer.h">
      <Filter>Source Files</Filter>
    </ClInclude>
    <ClInclude Include="libtfmxaudiodecoder\src\Config.h">
      <Filter>Source Files\libtfmxaudiodecoder</Filter>
    </ClInclude>
    <ClInclude Include="libtfmxaudiodecoder\src\CRCLight.h">
      <Filter>Source Files\libtfmxaudiodecoder</Filter>
    </ClInclude>
    <ClInclude Include="libtfmxaudiodecoder\src\Decoder.h">
      <Filter>Source Files\libtfmxaudiodecoder</Filter>
    </ClInclude>
    <ClInclude Include="libtfmxaudiodecoder\src\DecoderProxy.h">
      <Filter>Source Files\libtfmxaudiodecoder</Filter>
    </ClInclude>
    <ClInclude Include="libtfmxaudiodecoder\src\Dump.h">
      <Filter>Source Files\libtfmxaudiodecoder</Filter>
    </ClInclude>
    <ClInclude Include="libtfmxaudiodecoder\src\LamePaulaMixer.h">
      <Filter>Source Files\libtfmxaudiodecoder</Filter>
    </ClInclude>
    <ClInclude Include="libtfmxaudiodecoder\src\LamePaulaVoice.h">
      <Filter>Source Files\libtfmxaudiodecoder</Filter>
    </ClInclude>
    <ClInclude Include="libtfmxaudiodecoder\src\MyEndian.h">
      <Filter>Source Files\libtfmxaudiodecoder</Filter>
    </ClInclude>
    <ClInclude Include="libtfmxaudiodecoder\src\MyTypes.h">
      <Filter>Source Files\libtfmxaudiodecoder</Filter>
    </ClInclude>
    <ClInclude Include="libtfmxaudiodecoder\src\PaulaVoice.h">
      <Filter>Source Files\libtfmxaudiodecoder</Filter>
    </ClInclude>
    <ClInclude Include="libtfmxaudiodecoder\src\SmartPtr.h">
      <Filter>Source Files\libtfmxaudiodecoder</Filter>
    </ClInclude>
    <ClInclude Include="libtfmxaudiodecoder\src\tfmxaudiodecoder.h">
      <Filter>Source Files\libtfmxaudiodecoder</Filter>
    </ClInclude>
    <ClInclude Include="libtfmxaudiodecoder\src\Chris\TFMXDecoder.h">
      <Filter>Source Files\libtfmxaudiodecoder\Chris</Filter>
    </ClInclude>
    <ClInclude Include="libtfmxaudiodecoder\src\Jochen\Analyze.h">
      <Filter>Source Files\libtfmxaudiodecoder\Jochen</Filter>
    </ClInclude>
    <ClInclude Include="libtfmxaudiodecoder\src\Jochen\HippelDecoder.h">
      <Filter>Source Files\libtfmxaudiodecoder\Jochen</Filter>
    </ClInclude>
    <ClInclude Include="libtfmxaudiodecoder\src\Jochen\LiveFix.h">
      <Filter>Source Files\libtfmxaudiodecoder\Jochen</Filter>
    </ClInclude>
  </ItemGroup>
  <ItemGroup>
    <ClCompile Include="ReplayFutureComposer.cpp">
      <Filter>Source Files</Filter>
    </ClCompile>
    <ClCompile Include="libtfmxaudiodecoder\src\CRCLight.cpp">
      <Filter>Source Files\libtfmxaudiodecoder</Filter>
    </ClCompile>
    <ClCompile Include="libtfmxaudiodecoder\src\Decoder.cpp">
      <Filter>Source Files\libtfmxaudiodecoder</Filter>
    </ClCompile>
    <ClCompile Include="libtfmxaudiodecoder\src\DecoderProxy.cpp">
      <Filter>Source Files\libtfmxaudiodecoder</Filter>
    </ClCompile>
    <ClCompile Include="libtfmxaudiodecoder\src\Dump.cpp">
      <Filter>Source Files\libtfmxaudiodecoder</Filter>
    </ClCompile>
    <ClCompile Include="libtfmxaudiodecoder\src\LamePaulaMixer.cpp">
      <Filter>Source Files\libtfmxaudiodecoder</Filter>
    </ClCompile>
    <ClCompile Include="libtfmxaudiodecoder\src\LamePaulaVoice.cpp">
      <Filter>Source Files\libtfmxaudiodecoder</Filter>
    </ClCompile>
    <ClCompile Include="libtfmxaudiodecoder\src\PaulaVoice.cpp">
      <Filter>Source Files\libtfmxaudiodecoder</Filter>
    </ClCompile>
    <ClCompile Include="libtfmxaudiodecoder\src\tfmxaudiodecoder.cpp">
      <Filter>Source Files\libtfmxaudiodecoder</Filter>
    </ClCompile>
    <ClCompile Include="libtfmxaudiodecoder\src\Chris\ByChecksum.cpp">
      <Filter>Source Files\libtfmxaudiodecoder\Chris</Filter>
    </ClCompile>
    <ClCompile Include="libtfmxaudiodecoder\src\Chris\Macro.cpp">
      <Filter>Source Files\libtfmxaudiodecoder\Chris</Filter>
    </ClCompile>
    <ClCompile Include="libtfmxaudiodecoder\src\Chris\MergedFiles.cpp">
      <Filter>Source Files\libtfmxaudiodecoder\Chris</Filter>
    </ClCompile>
    <ClCompile Include="libtfmxaudiodecoder\src\Chris\Modulation.cpp">
      <Filter>Source Files\libtfmxaudiodecoder\Chris</Filter>
    </ClCompile>
    <ClCompile Include="libtfmxaudiodecoder\src\Chris\Pattern.cpp">
      <Filter>Source Files\libtfmxaudiodecoder\Chris</Filter>
    </ClCompile>
    <ClCompile Include="libtfmxaudiodecoder\src\Chris\SamplesFile.cpp">
      <Filter>Source Files\libtfmxaudiodecoder\Chris</Filter>
    </ClCompile>
    <ClCompile Include="libtfmxaudiodecoder\src\Chris\Sequencer.cpp">
      <Filter>Source Files\libtfmxaudiodecoder\Chris</Filter>
    </ClCompile>
    <ClCompile Include="libtfmxaudiodecoder\src\Chris\Songs.cpp">
      <Filter>Source Files\libtfmxaudiodecoder\Chris</Filter>
    </ClCompile>
    <ClCompile Include="libtfmxaudiodecoder\src\Chris\TFMXDecoder.cpp">
      <Filter>Source Files\libtfmxaudiodecoder\Chris</Filter>
    </ClCompile>
    <ClCompile Include="libtfmxaudiodecoder\src\Jochen\Analyze.cpp">
      <Filter>Source Files\libtfmxaudiodecoder\Jochen</Filter>
    </ClCompile>
    <ClCompile Include="libtfmxaudiodecoder\src\Jochen\COSO.cpp">
      <Filter>Source Files\libtfmxaudiodecoder\Jochen</Filter>
    </ClCompile>
    <ClCompile Include="libtfmxaudiodecoder\src\Jochen\Envelope.cpp">
      <Filter>Source Files\libtfmxaudiodecoder\Jochen</Filter>
    </ClCompile>
    <ClCompile Include="libtfmxaudiodecoder\src\Jochen\FC.cpp">
      <Filter>Source Files\libtfmxaudiodecoder\Jochen</Filter>
    </ClCompile>
    <ClCompile Include="libtfmxaudiodecoder\src\Jochen\HippelDecoder.cpp">
      <Filter>Source Files\libtfmxaudiodecoder\Jochen</Filter>
    </ClCompile>
    <ClCompile Include="libtfmxaudiodecoder\src\Jochen\Instrument.cpp">
      <Filter>Source Files\libtfmxaudiodecoder\Jochen</Filter>
    </ClCompile>
    <ClCompile Include="libtfmxaudiodecoder\src\Jochen\MCMD.cpp">
      <Filter>Source Files\libtfmxaudiodecoder\Jochen</Filter>
    </ClCompile>
    <ClCompile Include="libtfmxaudiodecoder\src\Jochen\ModPack.cpp">
      <Filter>Source Files\libtfmxaudiodecoder\Jochen</Filter>
    </ClCompile>
    <ClCompile Include="libtfmxaudiodecoder\src\Jochen\Portamento.cpp">
      <Filter>Source Files\libtfmxaudiodecoder\Jochen</Filter>
    </ClCompile>
    <ClCompile Include="libtfmxaudiodecoder\src\Jochen\Probe.cpp">
      <Filter>Source Files\libtfmxaudiodecoder\Jochen</Filter>
    </ClCompile>
    <ClCompile Include="libtfmxaudiodecoder\src\Jochen\SMOD.cpp">
      <Filter>Source Files\libtfmxaudiodecoder\Jochen</Filter>
    </ClCompile>
    <ClCompile Include="libtfmxaudiodecoder\src\Jochen\TFMX.cpp">
      <Filter>Source Files\libtfmxaudiodecoder\Jochen</Filter>
    </ClCompile>
    <ClCompile Include="libtfmxaudiodecoder\src\Jochen\TFMX7V.cpp">
      <Filter>Source Files\libtfmxaudiodecoder\Jochen</Filter>
    </ClCompile>
    <ClCompile Include="libtfmxaudiodecoder\src\Jochen\TraitsByChecksum.cpp">
      <Filter>Source Files\libtfmxaudiodecoder\Jochen</Filter>
    </ClCompile>
    <ClCompile Include="libtfmxaudiodecoder\src\Jochen\Vibrato.cpp">
      <Filter>Source Files\libtfmxaudiodecoder\Jochen</Filter>
    </ClCompile>
  </ItemGroup>
  <ItemGroup>
    <None Include="libtfmxaudiodecoder\README.md" />
  </ItemGroup>
</Project>