
Microsoft Visual Studio Solution File, Format Version 12.00
# Visual Studio Version 17
VisualStudioVersion = 17.1.32228.430
MinimumVisualStudioVersion = 10.0.40219.1
Project("{8BC9CEB8-8B4A-11D0-8D11-00A0C91BC942}") = "rePlayer", "rePlayer.vcxproj", "{6BDD194C-D1BD-4020-AECA-36D2BB6C2967}"
	ProjectSection(ProjectDependencies) = postProject
		{090F16AB-2D3D-4572-92E9-FA4BA6CC203B} = {090F16AB-2D3D-4572-92E9-FA4BA6CC203B}
		{0CEABF47-2736-4562-A739-1C0C141FE547} = {0CEABF47-2736-4562-A739-1C0C141FE547}
		{16FA5AF3-DCE9-44EB-9395-83A8A4166E51} = {16FA5AF3-DCE9-44EB-9395-83A8A4166E51}
		{19C50841-5792-4702-8E06-DEB6E2ACE9E1} = {19C50841-5792-4702-8E06-DEB6E2ACE9E1}
		{2E101DAD-CA08-4C61-AF89-652A7C9324A4} = {2E101DAD-CA08-4C61-AF89-652A7C9324A4}
		{2F0AE757-8D38-4235-A9C0-66F7521C8B4B} = {2F0AE757-8D38-4235-A9C0-66F7521C8B4B}
		{3434760D-EF64-4640-B3D4-59D051147562} = {3434760D-EF64-4640-B3D4-59D051147562}
		{3448B4E3-8C12-435B-9C9B-CEDCAF1960BD} = {3448B4E3-8C12-435B-9C9B-CEDCAF1960BD}
		{44D5DE68-73C1-4573-809A-98AE9C7879CB} = {44D5DE68-73C1-4573-809A-98AE9C7879CB}
		{4DFE1552-48BC-4E6B-B538-654CF45D3477} = {4DFE1552-48BC-4E6B-B538-654CF45D3477}
		{4FBD68C0-EA99-44FB-B219-4FB866D02FCE} = {4FBD68C0-EA99-44FB-B219-4FB866D02FCE}
		{552809F2-4728-4622-9255-E5E41314DA60} = {552809F2-4728-4622-9255-E5E41314DA60}
		{57ED10F2-9059-4DAA-8F31-0EF6FCD2C5E5} = {57ED10F2-9059-4DAA-8F31-0EF6FCD2C5E5}
		{5B772FF2-DFE2-484B-B9E0-B3FD4B6C1646} = {5B772FF2-DFE2-484B-B9E0-B3FD4B6C1646}
		{68A05959-5540-4ADE-8BF9-15D68207DE51} = {68A05959-5540-4ADE-8BF9-15D68207DE51}
		{72F0E934-A165-4E5C-AAAA-06B931449E5B} = {72F0E934-A165-4E5C-AAAA-06B931449E5B}
		{736870C8-E29E-48AD-8AE5-CBFABE4E09AE} = {736870C8-E29E-48AD-8AE5-CBFABE4E09AE}
		{7DA0C3AC-F37D-4734-A7E1-DE58A277FFE4} = {7DA0C3AC-F37D-4734-A7E1-DE58A277FFE4}
		{82E1A6BF-9778-49F5-93D6-5B6F14FFB96F} = {82E1A6BF-9778-49F5-93D6-5B6F14FFB96F}
		{87116BA8-236F-40F8-B230-B64ED1B7B748} = {87116BA8-236F-40F8-B230-B64ED1B7B748}
		{8CB6FDDB-2046-4AFE-BAD1-FDF3E51FE94D} = {8CB6FDDB-2046-4AFE-BAD1-FDF3E51FE94D}
		{93107FAF-57EC-4484-A151-A44F486B7E89} = {93107FAF-57EC-4484-A151-A44F486B7E89}
		{994D7475-D7C6-4399-A47F-961D7DEA976B} = {994D7475-D7C6-4399-A47F-961D7DEA976B}
		{9F703DBF-D5F4-4E99-8548-514B218A715D} = {9F703DBF-D5F4-4E99-8548-514B218A715D}
		{ABA800D1-0191-46BB-9C4A-B9306A5CF63B} = {ABA800D1-0191-46BB-9C4A-B9306A5CF63B}
		{ABB53401-1CE5-4A5D-971D-451DBB1F3909} = {ABB53401-1CE5-4A5D-971D-451DBB1F3909}
		{ADBAC83C-CD71-4646-B07A-7B6DF637A358} = {ADBAC83C-CD71-4646-B07A-7B6DF637A358}
		{AE37098E-32F6-4972-B0D7-1FB27FC15F6F} = {AE37098E-32F6-4972-B0D7-1FB27FC15F6F}
		{B85FCD45-A142-491F-9128-E9E1BA787814} = {B85FCD45-A142-491F-9128-E9E1BA787814}
		{CB2BCD62-79B7-4FE3-9E73-6E0CE897E49F} = {CB2BCD62-79B7-4FE3-9E73-6E0CE897E49F}
		{CC06F84E-2084-412F-AD96-072E817AC5F1} = {CC06F84E-2084-412F-AD96-072E817AC5F1}
		{D6B917E3-ABA1-48AF-A50C-31B2C76A5D0A} = {D6B917E3-ABA1-48AF-A50C-31B2C76A5D0A}
		{DA587978-5CF8-4A18-AC8C-AAE280CE1811} = {DA587978-5CF8-4A18-AC8C-AAE280CE1811}
		{E602781A-5C85-477D-891E-775A56ACAAD2} = {E602781A-5C85-477D-891E-775A56ACAAD2}
		{EAE7CFCD-A5CD-4A98-9250-0CB3710205C5} = {EAE7CFCD-A5CD-4A98-9250-0CB3710205C5}
		{F1BED4BC-EE67-40DB-8020-6AA81A6EA21C} = {F1BED4BC-EE67-40DB-8020-6AA81A6EA21C}
		{F381C58A-026B-4835-9671-141A07F5117E} = {F381C58A-026B-4835-9671-141A07F5117E}
		{F5D64844-FA4F-4C17-80C3-72976F0C999D} = {F5D64844-FA4F-4C17-80C3-72976F0C999D}
		{F7F29CDE-4B4E-4502-82BB-8633D5459DEC} = {F7F29CDE-4B4E-4502-82BB-8633D5459DEC}
	EndProjectSection
EndProject
Project("{8BC9CEB8-8B4A-11D0-8D11-00A0C91BC942}") = "Core", "Core\Core.vcxproj", "{D6B917E3-ABA1-48AF-A50C-31B2C76A5D0A}"
EndProject
Project("{2150E333-8FDC-42A3-9474-1A3956D46DE8}") = "Replays", "Replays", "{5C723288-C5B9-4538-9D4F-70E9BA779077}"
EndProject
Project("{8BC9CEB8-8B4A-11D0-8D11-00A0C91BC942}") = "Hively", "Replays\Hively\Hively.vcxproj", "{68A05959-5540-4ADE-8BF9-15D68207DE51}"
	ProjectSection(ProjectDependencies) = postProject
		{0CEABF47-2736-4562-A739-1C0C141FE547} = {0CEABF47-2736-4562-A739-1C0C141FE547}
		{D6B917E3-ABA1-48AF-A50C-31B2C76A5D0A} = {D6B917E3-ABA1-48AF-A50C-31B2C76A5D0A}
	EndProjectSection
EndProject
Project("{8BC9CEB8-8B4A-11D0-8D11-00A0C91BC942}") = "Replay", "Replays\Replay.vcxproj", "{0CEABF47-2736-4562-A739-1C0C141FE547}"
EndProject
Project("{8BC9CEB8-8B4A-11D0-8D11-00A0C91BC942}") = "AdLib", "Replays\AdLib\AdLib.vcxproj", "{F1BED4BC-EE67-40DB-8020-6AA81A6EA21C}"
	ProjectSection(ProjectDependencies) = postProject
		{0CEABF47-2736-4562-A739-1C0C141FE547} = {0CEABF47-2736-4562-A739-1C0C141FE547}
		{D6B917E3-ABA1-48AF-A50C-31B2C76A5D0A} = {D6B917E3-ABA1-48AF-A50C-31B2C76A5D0A}
	EndProjectSection
EndProject
Project("{8BC9CEB8-8B4A-11D0-8D11-00A0C91BC942}") = "ASAP", "Replays\ASAP\ASAP.vcxproj", "{E602781A-5C85-477D-891E-775A56ACAAD2}"
	ProjectSection(ProjectDependencies) = postProject
		{0CEABF47-2736-4562-A739-1C0C141FE547} = {0CEABF47-2736-4562-A739-1C0C141FE547}
		{D6B917E3-ABA1-48AF-A50C-31B2C76A5D0A} = {D6B917E3-ABA1-48AF-A50C-31B2C76A5D0A}
	EndProjectSection
EndProject
Project("{8BC9CEB8-8B4A-11D0-8D11-00A0C91BC942}") = "FutureComposer", "Replays\FutureComposer\FutureComposer.vcxproj", "{ADBAC83C-CD71-4646-B07A-7B6DF637A358}"
	ProjectSection(ProjectDependencies) = postProject
		{0CEABF47-2736-4562-A739-1C0C141FE547} = {0CEABF47-2736-4562-A739-1C0C141FE547}
		{D6B917E3-ABA1-48AF-A50C-31B2C76A5D0A} = {D6B917E3-ABA1-48AF-A50C-31B2C76A5D0A}
	EndProjectSection
EndProject
Project("{8BC9CEB8-8B4A-11D0-8D11-00A0C91BC942}") = "SC68", "Replays\SC68\SC68.vcxproj", "{19C50841-5792-4702-8E06-DEB6E2ACE9E1}"
	ProjectSection(ProjectDependencies) = postProject
		{0CEABF47-2736-4562-A739-1C0C141FE547} = {0CEABF47-2736-4562-A739-1C0C141FE547}
		{7DA0C3AC-F37D-4734-A7E1-DE58A277FFE4} = {7DA0C3AC-F37D-4734-A7E1-DE58A277FFE4}
		{D6B917E3-ABA1-48AF-A50C-31B2C76A5D0A} = {D6B917E3-ABA1-48AF-A50C-31B2C76A5D0A}
	EndProjectSection
EndProject
Project("{2150E333-8FDC-42A3-9474-1A3956D46DE8}") = "3rdParty", "3rdParty", "{91F5AAAF-16C2-4D03-BFC5-84E8FBF8074F}"
EndProject
Project("{8BC9CEB8-8B4A-11D0-8D11-00A0C91BC942}") = "zlib", "3rdParty\zlib\zlib.vcxproj", "{7DA0C3AC-F37D-4734-A7E1-DE58A277FFE4}"
EndProject
Project("{8BC9CEB8-8B4A-11D0-8D11-00A0C91BC942}") = "SidPlay", "Replays\SidPlay\SidPlay.vcxproj", "{F7F29CDE-4B4E-4502-82BB-8633D5459DEC}"
	ProjectSection(ProjectDependencies) = postProject
		{0CEABF47-2736-4562-A739-1C0C141FE547} = {0CEABF47-2736-4562-A739-1C0C141FE547}
		{D6B917E3-ABA1-48AF-A50C-31B2C76A5D0A} = {D6B917E3-ABA1-48AF-A50C-31B2C76A5D0A}
	EndProjectSection
EndProject
Project("{2150E333-8FDC-42A3-9474-1A3956D46DE8}") = "curl", "curl", "{1FD156FC-24D8-477A-B472-AF278D96A748}"
	ProjectSection(SolutionItems) = preProject
		3rdParty\curl\curl\curl.h = 3rdParty\curl\curl\curl.h
		3rdParty\curl\curl\curlver.h = 3rdParty\curl\curl\curlver.h
		3rdParty\curl\curl\easy.h = 3rdParty\curl\curl\easy.h
		3rdParty\curl\curl\header.h = 3rdParty\curl\curl\header.h
		3rdParty\curl\curl\mprintf.h = 3rdParty\curl\curl\mprintf.h
		3rdParty\curl\curl\multi.h = 3rdParty\curl\curl\multi.h
		3rdParty\curl\curl\options.h = 3rdParty\curl\curl\options.h
		3rdParty\curl\curl\stdcheaders.h = 3rdParty\curl\curl\stdcheaders.h
		3rdParty\curl\curl\system.h = 3rdParty\curl\curl\system.h
		3rdParty\curl\curl\typecheck-gcc.h = 3rdParty\curl\curl\typecheck-gcc.h
		3rdParty\curl\curl\urlapi.h = 3rdParty\curl\curl\urlapi.h
		3rdParty\curl\curl\websockets.h = 3rdParty\curl\curl\websockets.h
	EndProjectSection
EndProject
Project("{8BC9CEB8-8B4A-11D0-8D11-00A0C91BC942}") = "SoundMon", "Replays\SoundMon\SoundMon.vcxproj", "{4DFE1552-48BC-4E6B-B538-654CF45D3477}"
	ProjectSection(ProjectDependencies) = postProject
		{0CEABF47-2736-4562-A739-1C0C141FE547} = {0CEABF47-2736-4562-A739-1C0C141FE547}
		{D6B917E3-ABA1-48AF-A50C-31B2C76A5D0A} = {D6B917E3-ABA1-48AF-A50C-31B2C76A5D0A}
	EndProjectSection
EndProject
Project("{8BC9CEB8-8B4A-11D0-8D11-00A0C91BC942}") = "StSound", "Replays\StSound\StSound.vcxproj", "{16FA5AF3-DCE9-44EB-9395-83A8A4166E51}"
	ProjectSection(ProjectDependencies) = postProject
		{0CEABF47-2736-4562-A739-1C0C141FE547} = {0CEABF47-2736-4562-A739-1C0C141FE547}
		{D6B917E3-ABA1-48AF-A50C-31B2C76A5D0A} = {D6B917E3-ABA1-48AF-A50C-31B2C76A5D0A}
	EndProjectSection
EndProject
Project("{8BC9CEB8-8B4A-11D0-8D11-00A0C91BC942}") = "TFMX", "Replays\TFMX\TFMX.vcxproj", "{AE37098E-32F6-4972-B0D7-1FB27FC15F6F}"
	ProjectSection(ProjectDependencies) = postProject
		{0CEABF47-2736-4562-A739-1C0C141FE547} = {0CEABF47-2736-4562-A739-1C0C141FE547}
		{D6B917E3-ABA1-48AF-A50C-31B2C76A5D0A} = {D6B917E3-ABA1-48AF-A50C-31B2C76A5D0A}
	EndProjectSection
EndProject
Project("{8BC9CEB8-8B4A-11D0-8D11-00A0C91BC942}") = "V2", "Replays\V2\V2.vcxproj", "{DA587978-5CF8-4A18-AC8C-AAE280CE1811}"
	ProjectSection(ProjectDependencies) = postProject
		{0CEABF47-2736-4562-A739-1C0C141FE547} = {0CEABF47-2736-4562-A739-1C0C141FE547}
		{D6B917E3-ABA1-48AF-A50C-31B2C76A5D0A} = {D6B917E3-ABA1-48AF-A50C-31B2C76A5D0A}
	EndProjectSection
EndProject
Project("{8BC9CEB8-8B4A-11D0-8D11-00A0C91BC942}") = "ogg", "3rdParty\ogg\ogg.vcxproj", "{1C4FD035-6150-4217-B40A-1D1C38F237EA}"
EndProject
Project("{8BC9CEB8-8B4A-11D0-8D11-00A0C91BC942}") = "OpenMPT", "Replays\OpenMPT\OpenMPT.vcxproj", "{8CB6FDDB-2046-4AFE-BAD1-FDF3E51FE94D}"
	ProjectSection(ProjectDependencies) = postProject
		{0CEABF47-2736-4562-A739-1C0C141FE547} = {0CEABF47-2736-4562-A739-1C0C141FE547}
		{109334DE-2B98-48EA-ACE4-816613E37948} = {109334DE-2B98-48EA-ACE4-816613E37948}
		{1C4FD035-6150-4217-B40A-1D1C38F237EA} = {1C4FD035-6150-4217-B40A-1D1C38F237EA}
		{7132746B-096B-44DC-B1DB-4552756FD1F5} = {7132746B-096B-44DC-B1DB-4552756FD1F5}
		{7DA0C3AC-F37D-4734-A7E1-DE58A277FFE4} = {7DA0C3AC-F37D-4734-A7E1-DE58A277FFE4}
		{D6B917E3-ABA1-48AF-A50C-31B2C76A5D0A} = {D6B917E3-ABA1-48AF-A50C-31B2C76A5D0A}
	EndProjectSection
EndProject
Project("{8BC9CEB8-8B4A-11D0-8D11-00A0C91BC942}") = "vorbis", "3rdParty\vorbis\vorbis.vcxproj", "{7132746B-096B-44DC-B1DB-4552756FD1F5}"
EndProject
Project("{8BC9CEB8-8B4A-11D0-8D11-00A0C91BC942}") = "mpg123", "3rdParty\mpg123\mpg123.vcxproj", "{109334DE-2B98-48EA-ACE4-816613E37948}"
EndProject
Project("{2150E333-8FDC-42A3-9474-1A3956D46DE8}") = "Tidy", "Tidy", "{187BFC0E-2D53-4B0A-9E50-A104E0EB9DD1}"
	ProjectSection(SolutionItems) = preProject
		3rdParty\tidy\Tidy\tidy.h = 3rdParty\tidy\Tidy\tidy.h
		3rdParty\tidy\Tidy\tidybuffio.h = 3rdParty\tidy\Tidy\tidybuffio.h
		3rdParty\tidy\Tidy\tidyenum.h = 3rdParty\tidy\Tidy\tidyenum.h
		3rdParty\tidy\Tidy\tidyplatform.h = 3rdParty\tidy\Tidy\tidyplatform.h
	EndProjectSection
EndProject
Project("{2150E333-8FDC-42A3-9474-1A3956D46DE8}") = "libarchive", "libarchive", "{428DF496-3FE0-411B-8834-6A52FA0C3B2D}"
	ProjectSection(SolutionItems) = preProject
		3rdParty\libarchive\libarchive\archive.h = 3rdParty\libarchive\libarchive\archive.h
		3rdParty\libarchive\libarchive\archive_entry.h = 3rdParty\libarchive\libarchive\archive_entry.h
	EndProjectSection
EndProject
Project("{8BC9CEB8-8B4A-11D0-8D11-00A0C91BC942}") = "MP3", "Replays\MP3\MP3.vcxproj", "{3434760D-EF64-4640-B3D4-59D051147562}"
	ProjectSection(ProjectDependencies) = postProject
		{0CEABF47-2736-4562-A739-1C0C141FE547} = {0CEABF47-2736-4562-A739-1C0C141FE547}
		{D6B917E3-ABA1-48AF-A50C-31B2C76A5D0A} = {D6B917E3-ABA1-48AF-A50C-31B2C76A5D0A}
	EndProjectSection
EndProject
Project("{8BC9CEB8-8B4A-11D0-8D11-00A0C91BC942}") = "FLAC", "Replays\FLAC\FLAC.vcxproj", "{994D7475-D7C6-4399-A47F-961D7DEA976B}"
	ProjectSection(ProjectDependencies) = postProject
		{0CEABF47-2736-4562-A739-1C0C141FE547} = {0CEABF47-2736-4562-A739-1C0C141FE547}
		{D6B917E3-ABA1-48AF-A50C-31B2C76A5D0A} = {D6B917E3-ABA1-48AF-A50C-31B2C76A5D0A}
	EndProjectSection
EndProject
Project("{8BC9CEB8-8B4A-11D0-8D11-00A0C91BC942}") = "taglib", "3rdParty\taglib\taglib.vcxproj", "{2F0AE757-8D38-4235-A9C0-66F7521C8B4B}"
EndProject
Project("{8BC9CEB8-8B4A-11D0-8D11-00A0C91BC942}") = "Vorbis", "Replays\Vorbis\Vorbis.vcxproj", "{F5D64844-FA4F-4C17-80C3-72976F0C999D}"
	ProjectSection(ProjectDependencies) = postProject
		{0CEABF47-2736-4562-A739-1C0C141FE547} = {0CEABF47-2736-4562-A739-1C0C141FE547}
		{D6B917E3-ABA1-48AF-A50C-31B2C76A5D0A} = {D6B917E3-ABA1-48AF-A50C-31B2C76A5D0A}
	EndProjectSection
EndProject
Project("{8BC9CEB8-8B4A-11D0-8D11-00A0C91BC942}") = "Ayfly", "Replays\Ayfly\Ayfly.vcxproj", "{552809F2-4728-4622-9255-E5E41314DA60}"
	ProjectSection(ProjectDependencies) = postProject
		{0CEABF47-2736-4562-A739-1C0C141FE547} = {0CEABF47-2736-4562-A739-1C0C141FE547}
		{D6B917E3-ABA1-48AF-A50C-31B2C76A5D0A} = {D6B917E3-ABA1-48AF-A50C-31B2C76A5D0A}
	EndProjectSection
EndProject
Project("{8BC9CEB8-8B4A-11D0-8D11-00A0C91BC942}") = "GBSPlay", "Replays\GBSPlay\GBSPlay.vcxproj", "{736870C8-E29E-48AD-8AE5-CBFABE4E09AE}"
	ProjectSection(ProjectDependencies) = postProject
		{0CEABF47-2736-4562-A739-1C0C141FE547} = {0CEABF47-2736-4562-A739-1C0C141FE547}
		{7DA0C3AC-F37D-4734-A7E1-DE58A277FFE4} = {7DA0C3AC-F37D-4734-A7E1-DE58A277FFE4}
		{D6B917E3-ABA1-48AF-A50C-31B2C76A5D0A} = {D6B917E3-ABA1-48AF-A50C-31B2C76A5D0A}
	EndProjectSection
EndProject
Project("{8BC9CEB8-8B4A-11D0-8D11-00A0C91BC942}") = "GME", "Replays\GME\GME.vcxproj", "{B85FCD45-A142-491F-9128-E9E1BA787814}"
	ProjectSection(ProjectDependencies) = postProject
		{0CEABF47-2736-4562-A739-1C0C141FE547} = {0CEABF47-2736-4562-A739-1C0C141FE547}
		{7DA0C3AC-F37D-4734-A7E1-DE58A277FFE4} = {7DA0C3AC-F37D-4734-A7E1-DE58A277FFE4}
		{D6B917E3-ABA1-48AF-A50C-31B2C76A5D0A} = {D6B917E3-ABA1-48AF-A50C-31B2C76A5D0A}
	EndProjectSection
EndProject
Project("{8BC9CEB8-8B4A-11D0-8D11-00A0C91BC942}") = "MDX", "Replays\MDX\MDX.vcxproj", "{3448B4E3-8C12-435B-9C9B-CEDCAF1960BD}"
	ProjectSection(ProjectDependencies) = postProject
		{0CEABF47-2736-4562-A739-1C0C141FE547} = {0CEABF47-2736-4562-A739-1C0C141FE547}
		{D6B917E3-ABA1-48AF-A50C-31B2C76A5D0A} = {D6B917E3-ABA1-48AF-A50C-31B2C76A5D0A}
	EndProjectSection
EndProject
Project("{8BC9CEB8-8B4A-11D0-8D11-00A0C91BC942}") = "VGM", "Replays\VGM\VGM.vcxproj", "{5B772FF2-DFE2-484B-B9E0-B3FD4B6C1646}"
	ProjectSection(ProjectDependencies) = postProject
		{0CEABF47-2736-4562-A739-1C0C141FE547} = {0CEABF47-2736-4562-A739-1C0C141FE547}
		{7DA0C3AC-F37D-4734-A7E1-DE58A277FFE4} = {7DA0C3AC-F37D-4734-A7E1-DE58A277FFE4}
		{D6B917E3-ABA1-48AF-A50C-31B2C76A5D0A} = {D6B917E3-ABA1-48AF-A50C-31B2C76A5D0A}
	EndProjectSection
EndProject
Project("{8BC9CEB8-8B4A-11D0-8D11-00A0C91BC942}") = "UADE", "Replays\UADE\UADE.vcxproj", "{72F0E934-A165-4E5C-AAAA-06B931449E5B}"
	ProjectSection(ProjectDependencies) = postProject
		{0CEABF47-2736-4562-A739-1C0C141FE547} = {0CEABF47-2736-4562-A739-1C0C141FE547}
		{D6B917E3-ABA1-48AF-A50C-31B2C76A5D0A} = {D6B917E3-ABA1-48AF-A50C-31B2C76A5D0A}
	EndProjectSection
EndProject
Project("{8BC9CEB8-8B4A-11D0-8D11-00A0C91BC942}") = "HighlyQuixotic", "Replays\HighlyQuixotic\HighlyQuixotic.vcxproj", "{F381C58A-026B-4835-9671-141A07F5117E}"
	ProjectSection(ProjectDependencies) = postProject
		{0CEABF47-2736-4562-A739-1C0C141FE547} = {0CEABF47-2736-4562-A739-1C0C141FE547}
		{7DA0C3AC-F37D-4734-A7E1-DE58A277FFE4} = {7DA0C3AC-F37D-4734-A7E1-DE58A277FFE4}
		{D6B917E3-ABA1-48AF-A50C-31B2C76A5D0A} = {D6B917E3-ABA1-48AF-A50C-31B2C76A5D0A}
	EndProjectSection
EndProject
Project("{8BC9CEB8-8B4A-11D0-8D11-00A0C91BC942}") = "HighlyAdvanced", "Replays\HighlyAdvanced\HighlyAdvanced.vcxproj", "{ABA800D1-0191-46BB-9C4A-B9306A5CF63B}"
	ProjectSection(ProjectDependencies) = postProject
		{0CEABF47-2736-4562-A739-1C0C141FE547} = {0CEABF47-2736-4562-A739-1C0C141FE547}
		{D6B917E3-ABA1-48AF-A50C-31B2C76A5D0A} = {D6B917E3-ABA1-48AF-A50C-31B2C76A5D0A}
	EndProjectSection
EndProject
Project("{8BC9CEB8-8B4A-11D0-8D11-00A0C91BC942}") = "WAV", "Replays\WAV\WAV.vcxproj", "{090F16AB-2D3D-4572-92E9-FA4BA6CC203B}"
	ProjectSection(ProjectDependencies) = postProject
		{0CEABF47-2736-4562-A739-1C0C141FE547} = {0CEABF47-2736-4562-A739-1C0C141FE547}
		{D6B917E3-ABA1-48AF-A50C-31B2C76A5D0A} = {D6B917E3-ABA1-48AF-A50C-31B2C76A5D0A}
	EndProjectSection
EndProject
Project("{8BC9CEB8-8B4A-11D0-8D11-00A0C91BC942}") = "ProTrekkr", "Replays\ProTrekkr\ProTrekkr.vcxproj", "{2E101DAD-CA08-4C61-AF89-652A7C9324A4}"
	ProjectSection(ProjectDependencies) = postProject
		{0CEABF47-2736-4562-A739-1C0C141FE547} = {0CEABF47-2736-4562-A739-1C0C141FE547}
		{7DA0C3AC-F37D-4734-A7E1-DE58A277FFE4} = {7DA0C3AC-F37D-4734-A7E1-DE58A277FFE4}
		{BC739954-DF5C-455D-A3E3-CE8B55F1065D} = {BC739954-DF5C-455D-A3E3-CE8B55F1065D}
		{D6B917E3-ABA1-48AF-A50C-31B2C76A5D0A} = {D6B917E3-ABA1-48AF-A50C-31B2C76A5D0A}
	EndProjectSection
EndProject
Project("{2150E333-8FDC-42A3-9474-1A3956D46DE8}") = "rePlayer", "rePlayer", "{55E29970-D073-4D7C-8B37-3A8D44480772}"
EndProject
Project("{8BC9CEB8-8B4A-11D0-8D11-00A0C91BC942}") = "iXalance", "Replays\IXalance\iXalance.vcxproj", "{CC06F84E-2084-412F-AD96-072E817AC5F1}"
	ProjectSection(ProjectDependencies) = postProject
		{0CEABF47-2736-4562-A739-1C0C141FE547} = {0CEABF47-2736-4562-A739-1C0C141FE547}
		{BC739954-DF5C-455D-A3E3-CE8B55F1065D} = {BC739954-DF5C-455D-A3E3-CE8B55F1065D}
		{D6B917E3-ABA1-48AF-A50C-31B2C76A5D0A} = {D6B917E3-ABA1-48AF-A50C-31B2C76A5D0A}
	EndProjectSection
EndProject
Project("{8BC9CEB8-8B4A-11D0-8D11-00A0C91BC942}") = "dllloader", "3rdParty\dllloader\dllloader.vcxproj", "{BC739954-DF5C-455D-A3E3-CE8B55F1065D}"
EndProject
Project("{8BC9CEB8-8B4A-11D0-8D11-00A0C91BC942}") = "KSS", "Replays\KSS\KSS.vcxproj", "{4FBD68C0-EA99-44FB-B219-4FB866D02FCE}"
	ProjectSection(ProjectDependencies) = postProject
		{0CEABF47-2736-4562-A739-1C0C141FE547} = {0CEABF47-2736-4562-A739-1C0C141FE547}
		{D6B917E3-ABA1-48AF-A50C-31B2C76A5D0A} = {D6B917E3-ABA1-48AF-A50C-31B2C76A5D0A}
	EndProjectSection
EndProject
Project("{8BC9CEB8-8B4A-11D0-8D11-00A0C91BC942}") = "NEZplug", "Replays\NEZplug\NEZplug.vcxproj", "{CB2BCD62-79B7-4FE3-9E73-6E0CE897E49F}"
	ProjectSection(ProjectDependencies) = postProject
		{0CEABF47-2736-4562-A739-1C0C141FE547} = {0CEABF47-2736-4562-A739-1C0C141FE547}
		{D6B917E3-ABA1-48AF-A50C-31B2C76A5D0A} = {D6B917E3-ABA1-48AF-A50C-31B2C76A5D0A}
	EndProjectSection
EndProject
Project("{8BC9CEB8-8B4A-11D0-8D11-00A0C91BC942}") = "TIATracker", "Replays\TIATracker\TIATracker.vcxproj", "{EAE7CFCD-A5CD-4A98-9250-0CB3710205C5}"
	ProjectSection(ProjectDependencies) = postProject
		{0CEABF47-2736-4562-A739-1C0C141FE547} = {0CEABF47-2736-4562-A739-1C0C141FE547}
		{D6B917E3-ABA1-48AF-A50C-31B2C76A5D0A} = {D6B917E3-ABA1-48AF-A50C-31B2C76A5D0A}
	EndProjectSection
EndProject
Project("{2150E333-8FDC-42A3-9474-1A3956D46DE8}") = "dr_libs", "dr_libs", "{B93F2E47-4E10-4604-B4F1-941CED03E7A8}"
	ProjectSection(SolutionItems) = preProject
		3rdParty\dr_libs\dr_flac.h = 3rdParty\dr_libs\dr_flac.h
		3rdParty\dr_libs\dr_mp3.h = 3rdParty\dr_libs\dr_mp3.h
		3rdParty\dr_libs\dr_wav.h = 3rdParty\dr_libs\dr_wav.h
	EndProjectSection
EndProject
Project("{8BC9CEB8-8B4A-11D0-8D11-00A0C91BC942}") = "vio2sf", "Replays\vio2sf\vio2sf.vcxproj", "{9F703DBF-D5F4-4E99-8548-514B218A715D}"
	ProjectSection(ProjectDependencies) = postProject
		{0CEABF47-2736-4562-A739-1C0C141FE547} = {0CEABF47-2736-4562-A739-1C0C141FE547}
		{7DA0C3AC-F37D-4734-A7E1-DE58A277FFE4} = {7DA0C3AC-F37D-4734-A7E1-DE58A277FFE4}
		{D6B917E3-ABA1-48AF-A50C-31B2C76A5D0A} = {D6B917E3-ABA1-48AF-A50C-31B2C76A5D0A}
	EndProjectSection
EndProject
Project("{8BC9CEB8-8B4A-11D0-8D11-00A0C91BC942}") = "HighlyTheoretical", "Replays\HighlyTheoretical\HighlyTheoretical.vcxproj", "{D014771C-7F55-4370-A260-AFD76D9AC519}"
	ProjectSection(ProjectDependencies) = postProject
		{0CEABF47-2736-4562-A739-1C0C141FE547} = {0CEABF47-2736-4562-A739-1C0C141FE547}
		{7DA0C3AC-F37D-4734-A7E1-DE58A277FFE4} = {7DA0C3AC-F37D-4734-A7E1-DE58A277FFE4}
		{D6B917E3-ABA1-48AF-A50C-31B2C76A5D0A} = {D6B917E3-ABA1-48AF-A50C-31B2C76A5D0A}
	EndProjectSection
EndProject
Project("{8BC9CEB8-8B4A-11D0-8D11-00A0C91BC942}") = "HighlyExperimental", "Replays\HighlyExperimental\HighlyExperimental.vcxproj", "{87116BA8-236F-40F8-B230-B64ED1B7B748}"
	ProjectSection(ProjectDependencies) = postProject
		{0CEABF47-2736-4562-A739-1C0C141FE547} = {0CEABF47-2736-4562-A739-1C0C141FE547}
		{7DA0C3AC-F37D-4734-A7E1-DE58A277FFE4} = {7DA0C3AC-F37D-4734-A7E1-DE58A277FFE4}
		{D6B917E3-ABA1-48AF-A50C-31B2C76A5D0A} = {D6B917E3-ABA1-48AF-A50C-31B2C76A5D0A}
	EndProjectSection
EndProject
Project("{8BC9CEB8-8B4A-11D0-8D11-00A0C91BC942}") = "LazyUSF", "Replays\LazyUSF\LazyUSF.vcxproj", "{57ED10F2-9059-4DAA-8F31-0EF6FCD2C5E5}"
	ProjectSection(ProjectDependencies) = postProject
		{0CEABF47-2736-4562-A739-1C0C141FE547} = {0CEABF47-2736-4562-A739-1C0C141FE547}
		{7DA0C3AC-F37D-4734-A7E1-DE58A277FFE4} = {7DA0C3AC-F37D-4734-A7E1-DE58A277FFE4}
		{D6B917E3-ABA1-48AF-A50C-31B2C76A5D0A} = {D6B917E3-ABA1-48AF-A50C-31B2C76A5D0A}
	EndProjectSection
EndProject
Project("{8BC9CEB8-8B4A-11D0-8D11-00A0C91BC942}") = "HighlyCompetitive", "Replays\HighlyCompetitive\HighlyCompetitive.vcxproj", "{93107FAF-57EC-4484-A151-A44F486B7E89}"
	ProjectSection(ProjectDependencies) = postProject
		{0CEABF47-2736-4562-A739-1C0C141FE547} = {0CEABF47-2736-4562-A739-1C0C141FE547}
		{7DA0C3AC-F37D-4734-A7E1-DE58A277FFE4} = {7DA0C3AC-F37D-4734-A7E1-DE58A277FFE4}
		{BC739954-DF5C-455D-A3E3-CE8B55F1065D} = {BC739954-DF5C-455D-A3E3-CE8B55F1065D}
		{D6B917E3-ABA1-48AF-A50C-31B2C76A5D0A} = {D6B917E3-ABA1-48AF-A50C-31B2C76A5D0A}
	EndProjectSection
EndProject
Project("{8BC9CEB8-8B4A-11D0-8D11-00A0C91BC942}") = "Buzzic2", "Replays\Buzzic2\Buzzic2.vcxproj", "{44D5DE68-73C1-4573-809A-98AE9C7879CB}"
	ProjectSection(ProjectDependencies) = postProject
		{0CEABF47-2736-4562-A739-1C0C141FE547} = {0CEABF47-2736-4562-A739-1C0C141FE547}
		{D6B917E3-ABA1-48AF-A50C-31B2C76A5D0A} = {D6B917E3-ABA1-48AF-A50C-31B2C76A5D0A}
	EndProjectSection
EndProject
Project("{8BC9CEB8-8B4A-11D0-8D11-00A0C91BC942}") = "ZXTune", "Replays\ZXTune\ZXTune.vcxproj", "{82E1A6BF-9778-49F5-93D6-5B6F14FFB96F}"
	ProjectSection(ProjectDependencies) = postProject
		{0CEABF47-2736-4562-A739-1C0C141FE547} = {0CEABF47-2736-4562-A739-1C0C141FE547}
		{7DA0C3AC-F37D-4734-A7E1-DE58A277FFE4} = {7DA0C3AC-F37D-4734-A7E1-DE58A277FFE4}
		{D6B917E3-ABA1-48AF-A50C-31B2C76A5D0A} = {D6B917E3-ABA1-48AF-A50C-31B2C76A5D0A}
	EndProjectSection
EndProject
Project("{8BC9CEB8-8B4A-11D0-8D11-00A0C91BC942}") = "SNDHPlayer", "Replays\SNDHPlayer\SNDHPlayer.vcxproj", "{ABB53401-1CE5-4A5D-971D-451DBB1F3909}"
	ProjectSection(ProjectDependencies) = postProject
		{0CEABF47-2736-4562-A739-1C0C141FE547} = {0CEABF47-2736-4562-A739-1C0C141FE547}
		{BC739954-DF5C-455D-A3E3-CE8B55F1065D} = {BC739954-DF5C-455D-A3E3-CE8B55F1065D}
		{D6B917E3-ABA1-48AF-A50C-31B2C76A5D0A} = {D6B917E3-ABA1-48AF-A50C-31B2C76A5D0A}
	EndProjectSection
EndProject
Global
	GlobalSection(SolutionConfigurationPlatforms) = preSolution
		Debug|x64 = Debug|x64
		Release|x64 = Release|x64
	EndGlobalSection
	GlobalSection(ProjectConfigurationPlatforms) = postSolution
		{6BDD194C-D1BD-4020-AECA-36D2BB6C2967}.Debug|x64.ActiveCfg = Debug|x64
		{6BDD194C-D1BD-4020-AECA-36D2BB6C2967}.Debug|x64.Build.0 = Debug|x64
		{6BDD194C-D1BD-4020-AECA-36D2BB6C2967}.Release|x64.ActiveCfg = Release|x64
		{6BDD194C-D1BD-4020-AECA-36D2BB6C2967}.Release|x64.Build.0 = Release|x64
		{D6B917E3-ABA1-48AF-A50C-31B2C76A5D0A}.Debug|x64.ActiveCfg = Debug|x64
		{D6B917E3-ABA1-48AF-A50C-31B2C76A5D0A}.Debug|x64.Build.0 = Debug|x64
		{D6B917E3-ABA1-48AF-A50C-31B2C76A5D0A}.Release|x64.ActiveCfg = Release|x64
		{D6B917E3-ABA1-48AF-A50C-31B2C76A5D0A}.Release|x64.Build.0 = Release|x64
		{68A05959-5540-4ADE-8BF9-15D68207DE51}.Debug|x64.ActiveCfg = Debug|x64
		{68A05959-5540-4ADE-8BF9-15D68207DE51}.Debug|x64.Build.0 = Debug|x64
		{68A05959-5540-4ADE-8BF9-15D68207DE51}.Release|x64.ActiveCfg = Release|x64
		{68A05959-5540-4ADE-8BF9-15D68207DE51}.Release|x64.Build.0 = Release|x64
		{0CEABF47-2736-4562-A739-1C0C141FE547}.Debug|x64.ActiveCfg = Debug|x64
		{0CEABF47-2736-4562-A739-1C0C141FE547}.Debug|x64.Build.0 = Debug|x64
		{0CEABF47-2736-4562-A739-1C0C141FE547}.Release|x64.ActiveCfg = Release|x64
		{0CEABF47-2736-4562-A739-1C0C141FE547}.Release|x64.Build.0 = Release|x64
		{F1BED4BC-EE67-40DB-8020-6AA81A6EA21C}.Debug|x64.ActiveCfg = Debug|x64
		{F1BED4BC-EE67-40DB-8020-6AA81A6EA21C}.Debug|x64.Build.0 = Debug|x64
		{F1BED4BC-EE67-40DB-8020-6AA81A6EA21C}.Release|x64.ActiveCfg = Release|x64
		{F1BED4BC-EE67-40DB-8020-6AA81A6EA21C}.Release|x64.Build.0 = Release|x64
		{E602781A-5C85-477D-891E-775A56ACAAD2}.Debug|x64.ActiveCfg = Debug|x64
		{E602781A-5C85-477D-891E-775A56ACAAD2}.Debug|x64.Build.0 = Debug|x64
		{E602781A-5C85-477D-891E-775A56ACAAD2}.Release|x64.ActiveCfg = Release|x64
		{E602781A-5C85-477D-891E-775A56ACAAD2}.Release|x64.Build.0 = Release|x64
		{ADBAC83C-CD71-4646-B07A-7B6DF637A358}.Debug|x64.ActiveCfg = Debug|x64
		{ADBAC83C-CD71-4646-B07A-7B6DF637A358}.Debug|x64.Build.0 = Debug|x64
		{ADBAC83C-CD71-4646-B07A-7B6DF637A358}.Release|x64.ActiveCfg = Release|x64
		{ADBAC83C-CD71-4646-B07A-7B6DF637A358}.Release|x64.Build.0 = Release|x64
		{19C50841-5792-4702-8E06-DEB6E2ACE9E1}.Debug|x64.ActiveCfg = Debug|x64
		{19C50841-5792-4702-8E06-DEB6E2ACE9E1}.Debug|x64.Build.0 = Debug|x64
		{19C50841-5792-4702-8E06-DEB6E2ACE9E1}.Release|x64.ActiveCfg = Release|x64
		{19C50841-5792-4702-8E06-DEB6E2ACE9E1}.Release|x64.Build.0 = Release|x64
		{7DA0C3AC-F37D-4734-A7E1-DE58A277FFE4}.Debug|x64.ActiveCfg = Debug|x64
		{7DA0C3AC-F37D-4734-A7E1-DE58A277FFE4}.Debug|x64.Build.0 = Debug|x64
		{7DA0C3AC-F37D-4734-A7E1-DE58A277FFE4}.Release|x64.ActiveCfg = Release|x64
		{7DA0C3AC-F37D-4734-A7E1-DE58A277FFE4}.Release|x64.Build.0 = Release|x64
		{F7F29CDE-4B4E-4502-82BB-8633D5459DEC}.Debug|x64.ActiveCfg = Debug|x64
		{F7F29CDE-4B4E-4502-82BB-8633D5459DEC}.Debug|x64.Build.0 = Debug|x64
		{F7F29CDE-4B4E-4502-82BB-8633D5459DEC}.Release|x64.ActiveCfg = Release|x64
		{F7F29CDE-4B4E-4502-82BB-8633D5459DEC}.Release|x64.Build.0 = Release|x64
		{4DFE1552-48BC-4E6B-B538-654CF45D3477}.Debug|x64.ActiveCfg = Debug|x64
		{4DFE1552-48BC-4E6B-B538-654CF45D3477}.Debug|x64.Build.0 = Debug|x64
		{4DFE1552-48BC-4E6B-B538-654CF45D3477}.Release|x64.ActiveCfg = Release|x64
		{4DFE1552-48BC-4E6B-B538-654CF45D3477}.Release|x64.Build.0 = Release|x64
		{16FA5AF3-DCE9-44EB-9395-83A8A4166E51}.Debug|x64.ActiveCfg = Debug|x64
		{16FA5AF3-DCE9-44EB-9395-83A8A4166E51}.Debug|x64.Build.0 = Debug|x64
		{16FA5AF3-DCE9-44EB-9395-83A8A4166E51}.Release|x64.ActiveCfg = Release|x64
		{16FA5AF3-DCE9-44EB-9395-83A8A4166E51}.Release|x64.Build.0 = Release|x64
		{AE37098E-32F6-4972-B0D7-1FB27FC15F6F}.Debug|x64.ActiveCfg = Debug|x64
		{AE37098E-32F6-4972-B0D7-1FB27FC15F6F}.Debug|x64.Build.0 = Debug|x64
		{AE37098E-32F6-4972-B0D7-1FB27FC15F6F}.Release|x64.ActiveCfg = Release|x64
		{AE37098E-32F6-4972-B0D7-1FB27FC15F6F}.Release|x64.Build.0 = Release|x64
		{DA587978-5CF8-4A18-AC8C-AAE280CE1811}.Debug|x64.ActiveCfg = Debug|x64
		{DA587978-5CF8-4A18-AC8C-AAE280CE1811}.Debug|x64.Build.0 = Debug|x64
		{DA587978-5CF8-4A18-AC8C-AAE280CE1811}.Release|x64.ActiveCfg = Release|x64
		{DA587978-5CF8-4A18-AC8C-AAE280CE1811}.Release|x64.Build.0 = Release|x64
		{1C4FD035-6150-4217-B40A-1D1C38F237EA}.Debug|x64.ActiveCfg = Debug|x64
		{1C4FD035-6150-4217-B40A-1D1C38F237EA}.Debug|x64.Build.0 = Debug|x64
		{1C4FD035-6150-4217-B40A-1D1C38F237EA}.Release|x64.ActiveCfg = Release|x64
		{1C4FD035-6150-4217-B40A-1D1C38F237EA}.Release|x64.Build.0 = Release|x64
		{8CB6FDDB-2046-4AFE-BAD1-FDF3E51FE94D}.Debug|x64.ActiveCfg = Debug|x64
		{8CB6FDDB-2046-4AFE-BAD1-FDF3E51FE94D}.Debug|x64.Build.0 = Debug|x64
		{8CB6FDDB-2046-4AFE-BAD1-FDF3E51FE94D}.Release|x64.ActiveCfg = Release|x64
		{8CB6FDDB-2046-4AFE-BAD1-FDF3E51FE94D}.Release|x64.Build.0 = Release|x64
		{7132746B-096B-44DC-B1DB-4552756FD1F5}.Debug|x64.ActiveCfg = Debug|x64
		{7132746B-096B-44DC-B1DB-4552756FD1F5}.Debug|x64.Build.0 = Debug|x64
		{7132746B-096B-44DC-B1DB-4552756FD1F5}.Release|x64.ActiveCfg = Release|x64
		{7132746B-096B-44DC-B1DB-4552756FD1F5}.Release|x64.Build.0 = Release|x64
		{109334DE-2B98-48EA-ACE4-816613E37948}.Debug|x64.ActiveCfg = Debug|x64
		{109334DE-2B98-48EA-ACE4-816613E37948}.Debug|x64.Build.0 = Debug|x64
		{109334DE-2B98-48EA-ACE4-816613E37948}.Release|x64.ActiveCfg = Release|x64
		{109334DE-2B98-48EA-ACE4-816613E37948}.Release|x64.Build.0 = Release|x64
		{3434760D-EF64-4640-B3D4-59D051147562}.Debug|x64.ActiveCfg = Debug|x64
		{3434760D-EF64-4640-B3D4-59D051147562}.Debug|x64.Build.0 = Debug|x64
		{3434760D-EF64-4640-B3D4-59D051147562}.Release|x64.ActiveCfg = Release|x64
		{3434760D-EF64-4640-B3D4-59D051147562}.Release|x64.Build.0 = Release|x64
		{994D7475-D7C6-4399-A47F-961D7DEA976B}.Debug|x64.ActiveCfg = Debug|x64
		{994D7475-D7C6-4399-A47F-961D7DEA976B}.Debug|x64.Build.0 = Debug|x64
		{994D7475-D7C6-4399-A47F-961D7DEA976B}.Release|x64.ActiveCfg = Release|x64
		{994D7475-D7C6-4399-A47F-961D7DEA976B}.Release|x64.Build.0 = Release|x64
		{2F0AE757-8D38-4235-A9C0-66F7521C8B4B}.Debug|x64.ActiveCfg = Debug|x64
		{2F0AE757-8D38-4235-A9C0-66F7521C8B4B}.Debug|x64.Build.0 = Debug|x64
		{2F0AE757-8D38-4235-A9C0-66F7521C8B4B}.Release|x64.ActiveCfg = Release|x64
		{2F0AE757-8D38-4235-A9C0-66F7521C8B4B}.Release|x64.Build.0 = Release|x64
		{F5D64844-FA4F-4C17-80C3-72976F0C999D}.Debug|x64.ActiveCfg = Debug|x64
		{F5D64844-FA4F-4C17-80C3-72976F0C999D}.Debug|x64.Build.0 = Debug|x64
		{F5D64844-FA4F-4C17-80C3-72976F0C999D}.Release|x64.ActiveCfg = Release|x64
		{F5D64844-FA4F-4C17-80C3-72976F0C999D}.Release|x64.Build.0 = Release|x64
		{552809F2-4728-4622-9255-E5E41314DA60}.Debug|x64.ActiveCfg = Debug|x64
		{552809F2-4728-4622-9255-E5E41314DA60}.Debug|x64.Build.0 = Debug|x64
		{552809F2-4728-4622-9255-E5E41314DA60}.Release|x64.ActiveCfg = Release|x64
		{552809F2-4728-4622-9255-E5E41314DA60}.Release|x64.Build.0 = Release|x64
		{736870C8-E29E-48AD-8AE5-CBFABE4E09AE}.Debug|x64.ActiveCfg = Debug|x64
		{736870C8-E29E-48AD-8AE5-CBFABE4E09AE}.Debug|x64.Build.0 = Debug|x64
		{736870C8-E29E-48AD-8AE5-CBFABE4E09AE}.Release|x64.ActiveCfg = Release|x64
		{736870C8-E29E-48AD-8AE5-CBFABE4E09AE}.Release|x64.Build.0 = Release|x64
		{B85FCD45-A142-491F-9128-E9E1BA787814}.Debug|x64.ActiveCfg = Debug|x64
		{B85FCD45-A142-491F-9128-E9E1BA787814}.Debug|x64.Build.0 = Debug|x64
		{B85FCD45-A142-491F-9128-E9E1BA787814}.Release|x64.ActiveCfg = Release|x64
		{B85FCD45-A142-491F-9128-E9E1BA787814}.Release|x64.Build.0 = Release|x64
		{3448B4E3-8C12-435B-9C9B-CEDCAF1960BD}.Debug|x64.ActiveCfg = Debug|x64
		{3448B4E3-8C12-435B-9C9B-CEDCAF1960BD}.Debug|x64.Build.0 = Debug|x64
		{3448B4E3-8C12-435B-9C9B-CEDCAF1960BD}.Release|x64.ActiveCfg = Release|x64
		{3448B4E3-8C12-435B-9C9B-CEDCAF1960BD}.Release|x64.Build.0 = Release|x64
		{5B772FF2-DFE2-484B-B9E0-B3FD4B6C1646}.Debug|x64.ActiveCfg = Debug|x64
		{5B772FF2-DFE2-484B-B9E0-B3FD4B6C1646}.Debug|x64.Build.0 = Debug|x64
		{5B772FF2-DFE2-484B-B9E0-B3FD4B6C1646}.Release|x64.ActiveCfg = Release|x64
		{5B772FF2-DFE2-484B-B9E0-B3FD4B6C1646}.Release|x64.Build.0 = Release|x64
		{72F0E934-A165-4E5C-AAAA-06B931449E5B}.Debug|x64.ActiveCfg = Debug|x64
		{72F0E934-A165-4E5C-AAAA-06B931449E5B}.Debug|x64.Build.0 = Debug|x64
		{72F0E934-A165-4E5C-AAAA-06B931449E5B}.Release|x64.ActiveCfg = Release|x64
		{72F0E934-A165-4E5C-AAAA-06B931449E5B}.Release|x64.Build.0 = Release|x64
		{F381C58A-026B-4835-9671-141A07F5117E}.Debug|x64.ActiveCfg = Debug|x64
		{F381C58A-026B-4835-9671-141A07F5117E}.Debug|x64.Build.0 = Debug|x64
		{F381C58A-026B-4835-9671-141A07F5117E}.Release|x64.ActiveCfg = Release|x64
		{F381C58A-026B-4835-9671-141A07F5117E}.Release|x64.Build.0 = Release|x64
		{ABA800D1-0191-46BB-9C4A-B9306A5CF63B}.Debug|x64.ActiveCfg = Debug|x64
		{ABA800D1-0191-46BB-9C4A-B9306A5CF63B}.Debug|x64.Build.0 = Debug|x64
		{ABA800D1-0191-46BB-9C4A-B9306A5CF63B}.Release|x64.ActiveCfg = Release|x64
		{ABA800D1-0191-46BB-9C4A-B9306A5CF63B}.Release|x64.Build.0 = Release|x64
		{090F16AB-2D3D-4572-92E9-FA4BA6CC203B}.Debug|x64.ActiveCfg = Debug|x64
		{090F16AB-2D3D-4572-92E9-FA4BA6CC203B}.Debug|x64.Build.0 = Debug|x64
		{090F16AB-2D3D-4572-92E9-FA4BA6CC203B}.Release|x64.ActiveCfg = Release|x64
		{090F16AB-2D3D-4572-92E9-FA4BA6CC203B}.Release|x64.Build.0 = Release|x64
		{2E101DAD-CA08-4C61-AF89-652A7C9324A4}.Debug|x64.ActiveCfg = Debug|x64
		{2E101DAD-CA08-4C61-AF89-652A7C9324A4}.Debug|x64.Build.0 = Debug|x64
		{2E101DAD-CA08-4C61-AF89-652A7C9324A4}.Release|x64.ActiveCfg = Release|x64
		{2E101DAD-CA08-4C61-AF89-652A7C9324A4}.Release|x64.Build.0 = Release|x64
		{CC06F84E-2084-412F-AD96-072E817AC5F1}.Debug|x64.ActiveCfg = Debug|x64
		{CC06F84E-2084-412F-AD96-072E817AC5F1}.Debug|x64.Build.0 = Debug|x64
		{CC06F84E-2084-412F-AD96-072E817AC5F1}.Release|x64.ActiveCfg = Release|x64
		{CC06F84E-2084-412F-AD96-072E817AC5F1}.Release|x64.Build.0 = Release|x64
		{BC739954-DF5C-455D-A3E3-CE8B55F1065D}.Debug|x64.ActiveCfg = Debug|x64
		{BC739954-DF5C-455D-A3E3-CE8B55F1065D}.Debug|x64.Build.0 = Debug|x64
		{BC739954-DF5C-455D-A3E3-CE8B55F1065D}.Release|x64.ActiveCfg = Release|x64
		{BC739954-DF5C-455D-A3E3-CE8B55F1065D}.Release|x64.Build.0 = Release|x64
		{4FBD68C0-EA99-44FB-B219-4FB866D02FCE}.Debug|x64.ActiveCfg = Debug|x64
		{4FBD68C0-EA99-44FB-B219-4FB866D02FCE}.Debug|x64.Build.0 = Debug|x64
		{4FBD68C0-EA99-44FB-B219-4FB866D02FCE}.Release|x64.ActiveCfg = Release|x64
		{4FBD68C0-EA99-44FB-B219-4FB866D02FCE}.Release|x64.Build.0 = Release|x64
		{CB2BCD62-79B7-4FE3-9E73-6E0CE897E49F}.Debug|x64.ActiveCfg = Debug|x64
		{CB2BCD62-79B7-4FE3-9E73-6E0CE897E49F}.Debug|x64.Build.0 = Debug|x64
		{CB2BCD62-79B7-4FE3-9E73-6E0CE897E49F}.Release|x64.ActiveCfg = Release|x64
		{CB2BCD62-79B7-4FE3-9E73-6E0CE897E49F}.Release|x64.Build.0 = Release|x64
		{EAE7CFCD-A5CD-4A98-9250-0CB3710205C5}.Debug|x64.ActiveCfg = Debug|x64
		{EAE7CFCD-A5CD-4A98-9250-0CB3710205C5}.Debug|x64.Build.0 = Debug|x64
		{EAE7CFCD-A5CD-4A98-9250-0CB3710205C5}.Release|x64.ActiveCfg = Release|x64
		{EAE7CFCD-A5CD-4A98-9250-0CB3710205C5}.Release|x64.Build.0 = Release|x64
		{9F703DBF-D5F4-4E99-8548-514B218A715D}.Debug|x64.ActiveCfg = Debug|x64
		{9F703DBF-D5F4-4E99-8548-514B218A715D}.Debug|x64.Build.0 = Debug|x64
		{9F703DBF-D5F4-4E99-8548-514B218A715D}.Release|x64.ActiveCfg = Release|x64
		{9F703DBF-D5F4-4E99-8548-514B218A715D}.Release|x64.Build.0 = Release|x64
		{D014771C-7F55-4370-A260-AFD76D9AC519}.Debug|x64.ActiveCfg = Debug|x64
		{D014771C-7F55-4370-A260-AFD76D9AC519}.Debug|x64.Build.0 = Debug|x64
		{D014771C-7F55-4370-A260-AFD76D9AC519}.Release|x64.ActiveCfg = Release|x64
		{D014771C-7F55-4370-A260-AFD76D9AC519}.Release|x64.Build.0 = Release|x64
		{87116BA8-236F-40F8-B230-B64ED1B7B748}.Debug|x64.ActiveCfg = Debug|x64
		{87116BA8-236F-40F8-B230-B64ED1B7B748}.Debug|x64.Build.0 = Debug|x64
		{87116BA8-236F-40F8-B230-B64ED1B7B748}.Release|x64.ActiveCfg = Release|x64
		{87116BA8-236F-40F8-B230-B64ED1B7B748}.Release|x64.Build.0 = Release|x64
		{57ED10F2-9059-4DAA-8F31-0EF6FCD2C5E5}.Debug|x64.ActiveCfg = Debug|x64
		{57ED10F2-9059-4DAA-8F31-0EF6FCD2C5E5}.Debug|x64.Build.0 = Debug|x64
		{57ED10F2-9059-4DAA-8F31-0EF6FCD2C5E5}.Release|x64.ActiveCfg = Release|x64
		{57ED10F2-9059-4DAA-8F31-0EF6FCD2C5E5}.Release|x64.Build.0 = Release|x64
		{93107FAF-57EC-4484-A151-A44F486B7E89}.Debug|x64.ActiveCfg = Debug|x64
		{93107FAF-57EC-4484-A151-A44F486B7E89}.Debug|x64.Build.0 = Debug|x64
		{93107FAF-57EC-4484-A151-A44F486B7E89}.Release|x64.ActiveCfg = Release|x64
		{93107FAF-57EC-4484-A151-A44F486B7E89}.Release|x64.Build.0 = Release|x64
		{44D5DE68-73C1-4573-809A-98AE9C7879CB}.Debug|x64.ActiveCfg = Debug|x64
		{44D5DE68-73C1-4573-809A-98AE9C7879CB}.Debug|x64.Build.0 = Debug|x64
		{44D5DE68-73C1-4573-809A-98AE9C7879CB}.Release|x64.ActiveCfg = Release|x64
		{44D5DE68-73C1-4573-809A-98AE9C7879CB}.Release|x64.Build.0 = Release|x64
		{82E1A6BF-9778-49F5-93D6-5B6F14FFB96F}.Debug|x64.ActiveCfg = Debug|x64
		{82E1A6BF-9778-49F5-93D6-5B6F14FFB96F}.Debug|x64.Build.0 = Debug|x64
		{82E1A6BF-9778-49F5-93D6-5B6F14FFB96F}.Release|x64.ActiveCfg = Release|x64
		{82E1A6BF-9778-49F5-93D6-5B6F14FFB96F}.Release|x64.Build.0 = Release|x64
		{ABB53401-1CE5-4A5D-971D-451DBB1F3909}.Debug|x64.ActiveCfg = Debug|x64
		{ABB53401-1CE5-4A5D-971D-451DBB1F3909}.Debug|x64.Build.0 = Debug|x64
		{ABB53401-1CE5-4A5D-971D-451DBB1F3909}.Release|x64.ActiveCfg = Release|x64
		{ABB53401-1CE5-4A5D-971D-451DBB1F3909}.Release|x64.Build.0 = Release|x64
	EndGlobalSection
	GlobalSection(SolutionProperties) = preSolution
		HideSolutionNode = FALSE
	EndGlobalSection
	GlobalSection(NestedProjects) = preSolution
		{6BDD194C-D1BD-4020-AECA-36D2BB6C2967} = {55E29970-D073-4D7C-8B37-3A8D44480772}
		{D6B917E3-ABA1-48AF-A50C-31B2C76A5D0A} = {55E29970-D073-4D7C-8B37-3A8D44480772}
		{5C723288-C5B9-4538-9D4F-70E9BA779077} = {55E29970-D073-4D7C-8B37-3A8D44480772}
		{68A05959-5540-4ADE-8BF9-15D68207DE51} = {5C723288-C5B9-4538-9D4F-70E9BA779077}
		{0CEABF47-2736-4562-A739-1C0C141FE547} = {55E29970-D073-4D7C-8B37-3A8D44480772}
		{F1BED4BC-EE67-40DB-8020-6AA81A6EA21C} = {5C723288-C5B9-4538-9D4F-70E9BA779077}
		{E602781A-5C85-477D-891E-775A56ACAAD2} = {5C723288-C5B9-4538-9D4F-70E9BA779077}
		{ADBAC83C-CD71-4646-B07A-7B6DF637A358} = {5C723288-C5B9-4538-9D4F-70E9BA779077}
		{19C50841-5792-4702-8E06-DEB6E2ACE9E1} = {5C723288-C5B9-4538-9D4F-70E9BA779077}
		{7DA0C3AC-F37D-4734-A7E1-DE58A277FFE4} = {91F5AAAF-16C2-4D03-BFC5-84E8FBF8074F}
		{F7F29CDE-4B4E-4502-82BB-8633D5459DEC} = {5C723288-C5B9-4538-9D4F-70E9BA779077}
		{1FD156FC-24D8-477A-B472-AF278D96A748} = {91F5AAAF-16C2-4D03-BFC5-84E8FBF8074F}
		{4DFE1552-48BC-4E6B-B538-654CF45D3477} = {5C723288-C5B9-4538-9D4F-70E9BA779077}
		{16FA5AF3-DCE9-44EB-9395-83A8A4166E51} = {5C723288-C5B9-4538-9D4F-70E9BA779077}
		{AE37098E-32F6-4972-B0D7-1FB27FC15F6F} = {5C723288-C5B9-4538-9D4F-70E9BA779077}
		{DA587978-5CF8-4A18-AC8C-AAE280CE1811} = {5C723288-C5B9-4538-9D4F-70E9BA779077}
		{1C4FD035-6150-4217-B40A-1D1C38F237EA} = {91F5AAAF-16C2-4D03-BFC5-84E8FBF8074F}
		{8CB6FDDB-2046-4AFE-BAD1-FDF3E51FE94D} = {5C723288-C5B9-4538-9D4F-70E9BA779077}
		{7132746B-096B-44DC-B1DB-4552756FD1F5} = {91F5AAAF-16C2-4D03-BFC5-84E8FBF8074F}
		{109334DE-2B98-48EA-ACE4-816613E37948} = {91F5AAAF-16C2-4D03-BFC5-84E8FBF8074F}
		{187BFC0E-2D53-4B0A-9E50-A104E0EB9DD1} = {91F5AAAF-16C2-4D03-BFC5-84E8FBF8074F}
		{428DF496-3FE0-411B-8834-6A52FA0C3B2D} = {91F5AAAF-16C2-4D03-BFC5-84E8FBF8074F}
		{3434760D-EF64-4640-B3D4-59D051147562} = {5C723288-C5B9-4538-9D4F-70E9BA779077}
		{994D7475-D7C6-4399-A47F-961D7DEA976B} = {5C723288-C5B9-4538-9D4F-70E9BA779077}
		{2F0AE757-8D38-4235-A9C0-66F7521C8B4B} = {91F5AAAF-16C2-4D03-BFC5-84E8FBF8074F}
		{F5D64844-FA4F-4C17-80C3-72976F0C999D} = {5C723288-C5B9-4538-9D4F-70E9BA779077}
		{552809F2-4728-4622-9255-E5E41314DA60} = {5C723288-C5B9-4538-9D4F-70E9BA779077}
		{736870C8-E29E-48AD-8AE5-CBFABE4E09AE} = {5C723288-C5B9-4538-9D4F-70E9BA779077}
		{B85FCD45-A142-491F-9128-E9E1BA787814} = {5C723288-C5B9-4538-9D4F-70E9BA779077}
		{3448B4E3-8C12-435B-9C9B-CEDCAF1960BD} = {5C723288-C5B9-4538-9D4F-70E9BA779077}
		{5B772FF2-DFE2-484B-B9E0-B3FD4B6C1646} = {5C723288-C5B9-4538-9D4F-70E9BA779077}
		{72F0E934-A165-4E5C-AAAA-06B931449E5B} = {5C723288-C5B9-4538-9D4F-70E9BA779077}
		{F381C58A-026B-4835-9671-141A07F5117E} = {5C723288-C5B9-4538-9D4F-70E9BA779077}
		{ABA800D1-0191-46BB-9C4A-B9306A5CF63B} = {5C723288-C5B9-4538-9D4F-70E9BA779077}
		{090F16AB-2D3D-4572-92E9-FA4BA6CC203B} = {5C723288-C5B9-4538-9D4F-70E9BA779077}
		{2E101DAD-CA08-4C61-AF89-652A7C9324A4} = {5C723288-C5B9-4538-9D4F-70E9BA779077}
		{CC06F84E-2084-412F-AD96-072E817AC5F1} = {5C723288-C5B9-4538-9D4F-70E9BA779077}
		{BC739954-DF5C-455D-A3E3-CE8B55F1065D} = {91F5AAAF-16C2-4D03-BFC5-84E8FBF8074F}
		{4FBD68C0-EA99-44FB-B219-4FB866D02FCE} = {5C723288-C5B9-4538-9D4F-70E9BA779077}
		{CB2BCD62-79B7-4FE3-9E73-6E0CE897E49F} = {5C723288-C5B9-4538-9D4F-70E9BA779077}
		{EAE7CFCD-A5CD-4A98-9250-0CB3710205C5} = {5C723288-C5B9-4538-9D4F-70E9BA779077}
		{B93F2E47-4E10-4604-B4F1-941CED03E7A8} = {91F5AAAF-16C2-4D03-BFC5-84E8FBF8074F}
		{9F703DBF-D5F4-4E99-8548-514B218A715D} = {5C723288-C5B9-4538-9D4F-70E9BA779077}
		{D014771C-7F55-4370-A260-AFD76D9AC519} = {5C723288-C5B9-4538-9D4F-70E9BA779077}
		{87116BA8-236F-40F8-B230-B64ED1B7B748} = {5C723288-C5B9-4538-9D4F-70E9BA779077}
		{57ED10F2-9059-4DAA-8F31-0EF6FCD2C5E5} = {5C723288-C5B9-4538-9D4F-70E9BA779077}
		{93107FAF-57EC-4484-A151-A44F486B7E89} = {5C723288-C5B9-4538-9D4F-70E9BA779077}
		{44D5DE68-73C1-4573-809A-98AE9C7879CB} = {5C723288-C5B9-4538-9D4F-70E9BA779077}
		{82E1A6BF-9778-49F5-93D6-5B6F14FFB96F} = {5C723288-C5B9-4538-9D4F-70E9BA779077}
		{ABB53401-1CE5-4A5D-971D-451DBB1F3909} = {5C723288-C5B9-4538-9D4F-70E9BA779077}
	EndGlobalSection
	GlobalSection(ExtensibilityGlobals) = postSolution
		SolutionGuid = {68293275-090D-428A-8C14-F035E554155D}
	EndGlobalSection
EndGlobal
